
Microsoft Visual Studio Solution File, Format Version 12.00
# Visual Studio Version 17
VisualStudioVersion = 17.6.33723.286
MinimumVisualStudioVersion = 10.0.40219.1
Project("{FAE04EC0-301F-11D3-BF4B-00C04F79EFBC}") = "test4", "test4\test4.csproj", "{90584651-32AA-454D-9214-987876D50EB4}"
EndProject
Global
	GlobalSection(SolutionConfigurationPlatforms) = preSolution
		Debug|Any CPU = Debug|Any CPU
		Release|Any CPU = Release|Any CPU
	EndGlobalSection
	GlobalSection(ProjectConfigurationPlatforms) = postSolution
		{90584651-32AA-454D-9214-987876D50EB4}.Debug|Any CPU.ActiveCfg = Debug|Any CPU
		{90584651-32AA-454D-9214-987876D50EB4}.Debug|Any CPU.Build.0 = Debug|Any CPU
		{90584651-32AA-454D-9214-987876D50EB4}.Release|Any CPU.ActiveCfg = Release|Any CPU
		{90584651-32AA-454D-9214-987876D50EB4}.Release|Any CPU.Build.0 = Release|Any CPU
	EndGlobalSection
	GlobalSection(SolutionProperties) = preSolution
		HideSolutionNode = FALSE
	EndGlobalSection
	GlobalSection(ExtensibilityGlobals) = postSolution
		SolutionGuid = {3FEEC179-B1BC-4085-829B-AA94ED28027E}
	EndGlobalSection
EndGlobal
